
Microsoft Visual Studio Solution File, Format Version 12.00
# Visual Studio Version 17
VisualStudioVersion = 17.11.35222.181
MinimumVisualStudioVersion = 10.0.40219.1
Project("{FAE04EC0-301F-11D3-BF4B-00C04F79EFBC}") = "WebApplication", "WebApplication.csproj", "{324C5F77-EFD8-48B1-9D20-201AFE39FBC0}"
EndProject
Global
	GlobalSection(SolutionConfigurationPlatforms) = preSolution
		Debug|Any CPU = Debug|Any CPU
		Release|Any CPU = Release|Any CPU
	EndGlobalSection
	GlobalSection(ProjectConfigurationPlatforms) = postSolution
		{324C5F77-EFD8-48B1-9D20-201AFE39FBC0}.Debug|Any CPU.ActiveCfg = Debug|Any CPU
		{324C5F77-EFD8-48B1-9D20-201AFE39FBC0}.Debug|Any CPU.Build.0 = Debug|Any CPU
		{324C5F77-EFD8-48B1-9D20-201AFE39FBC0}.Release|Any CPU.ActiveCfg = Release|Any CPU
		{324C5F77-EFD8-48B1-9D20-201AFE39FBC0}.Release|Any CPU.Build.0 = Release|Any CPU
	EndGlobalSection
	GlobalSection(SolutionProperties) = preSolution
		HideSolutionNode = FALSE
	EndGlobalSection
	GlobalSection(ExtensibilityGlobals) = postSolution
		SolutionGuid = {45D6D39C-8823-477F-96C4-DF2E9895B8CC}
	EndGlobalSection
EndGlobal
